{
  "name": "dump",
  "version": "1.0.0",
  "lockfileVersion": 3,
  "requires": true,
  "packages": {
    "": {
      "name": "dump",
      "version": "1.0.0",
      "license": "ISC",
      "dependencies": {
        "ignore": "^7.0.5",
        "istextorbinary": "^9.5.0"
      },
      "bin": {
        "dump": "dump.js"
      }
    },
    "node_modules/binaryextensions": {
      "version": "6.11.0",
      "resolved": "https://registry.npmjs.org/binaryextensions/-/binaryextensions-6.11.0.tgz",
      "integrity": "sha512-sXnYK/Ij80TO3lcqZVV2YgfKN5QjUWIRk/XSm2J/4bd/lPko3lvk0O4ZppH6m+6hB2/GTu+ptNwVFe1xh+QLQw==",
      "license": "Artistic-2.0",
      "dependencies": {
        "editions": "^6.21.0"
      },
      "engines": {
        "node": ">=4"
      },
      "funding": {
        "url": "https://bevry.me/fund"
      }
    },
    "node_modules/editions": {
      "version": "6.21.0",
      "resolved": "https://registry.npmjs.org/editions/-/editions-6.21.0.tgz",
      "integrity": "sha512-ofkXJtn7z0urokN62DI3SBo/5xAtF0rR7tn+S/bSYV79Ka8pTajIIl+fFQ1q88DQEImymmo97M4azY3WX/nUdg==",
      "license": "Artistic-2.0",
      "dependencies": {
        "version-range": "^4.13.0"
      },
      "engines": {
        "node": ">=4"
      },
      "funding": {
        "url": "https://bevry.me/fund"
      }
    },
    "node_modules/ignore": {
      "version": "7.0.5",
      "resolved": "https://registry.npmjs.org/ignore/-/ignore-7.0.5.tgz",
      "integrity": "sha512-Hs59xBNfUIunMFgWAbGX5cq6893IbWg4KnrjbYwX3tx0ztorVgTDA6B2sxf8ejHJ4wz8BqGUMYlnzNBer5NvGg==",
      "license": "MIT",
      "engines": {
        "node": ">= 4"
      }
    },
    "node_modules/istextorbinary": {
      "version": "9.5.0",
      "resolved": "https://registry.npmjs.org/istextorbinary/-/istextorbinary-9.5.0.tgz",
      "integrity": "sha512-5mbUj3SiZXCuRf9fT3ibzbSSEWiy63gFfksmGfdOzujPjW3k+z8WvIBxcJHBoQNlaZaiyB25deviif2+osLmLw==",
      "license": "Artistic-2.0",
      "dependencies": {
        "binaryextensions": "^6.11.0",
        "editions": "^6.21.0",
        "textextensions": "^6.11.0"
      },
      "engines": {
        "node": ">=4"
      },
      "funding": {
        "url": "https://bevry.me/fund"
      }
    },
    "node_modules/textextensions": {
      "version": "6.11.0",
      "resolved": "https://registry.npmjs.org/textextensions/-/textextensions-6.11.0.tgz",
      "integrity": "sha512-tXJwSr9355kFJI3lbCkPpUH5cP8/M0GGy2xLO34aZCjMXBaK3SoPnZwr/oWmo1FdCnELcs4npdCIOFtq9W3ruQ==",
      "license": "Artistic-2.0",
      "dependencies": {
        "editions": "^6.21.0"
      },
      "engines": {
        "node": ">=4"
      },
      "funding": {
        "url": "https://bevry.me/fund"
      }
    },
    "node_modules/version-range": {
      "version": "4.14.0",
      "resolved": "https://registry.npmjs.org/version-range/-/version-range-4.14.0.tgz",
      "integrity": "sha512-gjb0ARm9qlcBAonU4zPwkl9ecKkas+tC2CGwFfptTCWWIVTWY1YUbT2zZKsOAF1jR/tNxxyLwwG0cb42XlYcTg==",
      "license": "Artistic-2.0",
      "engines": {
        "node": ">=4"
      },
      "funding": {
        "url": "https://bevry.me/fund"
      }
    }
  }
}
